
Microsoft Visual Studio Solution File, Format Version 12.00
# Visual Studio Version 17
VisualStudioVersion = 17.3.32825.248
MinimumVisualStudioVersion = 10.0.40219.1
Project("{9A19103F-16F7-4668-BE54-9A1E7A4F7556}") = "Tic-tac-toe", "IWasBored\Tic-tac-toe.csproj", "{A0F897EE-8F7C-4971-8757-4B6E4E4527CC}"
EndProject
Global
	GlobalSection(SolutionConfigurationPlatforms) = preSolution
		Debug|Any CPU = Debug|Any CPU
		Release|Any CPU = Release|Any CPU
	EndGlobalSection
	GlobalSection(ProjectConfigurationPlatforms) = postSolution
		{A0F897EE-8F7C-4971-8757-4B6E4E4527CC}.Debug|Any CPU.ActiveCfg = Debug|Any CPU
		{A0F897EE-8F7C-4971-8757-4B6E4E4527CC}.Debug|Any CPU.Build.0 = Debug|Any CPU
		{A0F897EE-8F7C-4971-8757-4B6E4E4527CC}.Release|Any CPU.ActiveCfg = Release|Any CPU
		{A0F897EE-8F7C-4971-8757-4B6E4E4527CC}.Release|Any CPU.Build.0 = Release|Any CPU
	EndGlobalSection
	GlobalSection(SolutionProperties) = preSolution
		HideSolutionNode = FALSE
	EndGlobalSection
	GlobalSection(ExtensibilityGlobals) = postSolution
		SolutionGuid = {06B9DE63-8E5B-4442-9203-4758B403D68C}
	EndGlobalSection
EndGlobal
